
Microsoft Visual Studio Solution File, Format Version 12.00
# Visual Studio Version 17
VisualStudioVersion = 17.12.35707.178
MinimumVisualStudioVersion = 10.0.40219.1
Project("{FAE04EC0-301F-11D3-BF4B-00C04F79EFBC}") = "Kairou.SourceGenerator", "Kairou.SourceGenerator\Kairou.SourceGenerator.csproj", "{4BD1AA82-2068-473E-9BE8-92C362A04B8E}"
EndProject
Project("{FAE04EC0-301F-11D3-BF4B-00C04F79EFBC}") = "Kairou.SourceGenerator.DebugConsoleApp", "Kairou.SourceGenerator.DebugConsoleApp\Kairou.SourceGenerator.DebugConsoleApp.csproj", "{D0FE5E57-22C0-4D54-9BA6-F105F667F0B0}"
EndProject
Project("{FAE04EC0-301F-11D3-BF4B-00C04F79EFBC}") = "Kairou.SourceGenerator.Tests", "Kairou.SourceGenerator.Tests\Kairou.SourceGenerator.Tests.csproj", "{816F8A13-56FC-4465-8FC1-C6BCC816621E}"
EndProject
Project("{FAE04EC0-301F-11D3-BF4B-00C04F79EFBC}") = "DummyClasses", "DummyClasses\DummyClasses.csproj", "{5DEED257-16FD-4EC7-A679-8D553A6D8672}"
EndProject
Global
	GlobalSection(SolutionConfigurationPlatforms) = preSolution
		Debug|Any CPU = Debug|Any CPU
		Release|Any CPU = Release|Any CPU
	EndGlobalSection
	GlobalSection(ProjectConfigurationPlatforms) = postSolution
		{4BD1AA82-2068-473E-9BE8-92C362A04B8E}.Debug|Any CPU.ActiveCfg = Debug|Any CPU
		{4BD1AA82-2068-473E-9BE8-92C362A04B8E}.Debug|Any CPU.Build.0 = Debug|Any CPU
		{4BD1AA82-2068-473E-9BE8-92C362A04B8E}.Release|Any CPU.ActiveCfg = Release|Any CPU
		{4BD1AA82-2068-473E-9BE8-92C362A04B8E}.Release|Any CPU.Build.0 = Release|Any CPU
		{D0FE5E57-22C0-4D54-9BA6-F105F667F0B0}.Debug|Any CPU.ActiveCfg = Debug|Any CPU
		{D0FE5E57-22C0-4D54-9BA6-F105F667F0B0}.Debug|Any CPU.Build.0 = Debug|Any CPU
		{D0FE5E57-22C0-4D54-9BA6-F105F667F0B0}.Release|Any CPU.ActiveCfg = Release|Any CPU
		{D0FE5E57-22C0-4D54-9BA6-F105F667F0B0}.Release|Any CPU.Build.0 = Release|Any CPU
		{816F8A13-56FC-4465-8FC1-C6BCC816621E}.Debug|Any CPU.ActiveCfg = Debug|Any CPU
		{816F8A13-56FC-4465-8FC1-C6BCC816621E}.Debug|Any CPU.Build.0 = Debug|Any CPU
		{816F8A13-56FC-4465-8FC1-C6BCC816621E}.Release|Any CPU.ActiveCfg = Release|Any CPU
		{816F8A13-56FC-4465-8FC1-C6BCC816621E}.Release|Any CPU.Build.0 = Release|Any CPU
		{5DEED257-16FD-4EC7-A679-8D553A6D8672}.Debug|Any CPU.ActiveCfg = Debug|Any CPU
		{5DEED257-16FD-4EC7-A679-8D553A6D8672}.Debug|Any CPU.Build.0 = Debug|Any CPU
		{5DEED257-16FD-4EC7-A679-8D553A6D8672}.Release|Any CPU.ActiveCfg = Release|Any CPU
		{5DEED257-16FD-4EC7-A679-8D553A6D8672}.Release|Any CPU.Build.0 = Release|Any CPU
	EndGlobalSection
	GlobalSection(SolutionProperties) = preSolution
		HideSolutionNode = FALSE
	EndGlobalSection
EndGlobal
